
Microsoft Visual Studio Solution File, Format Version 12.00
# Visual Studio Version 16
VisualStudioVersion = 16.0.29215.179
MinimumVisualStudioVersion = 10.0.40219.1
Project("{FAE04EC0-301F-11D3-BF4B-00C04F79EFBC}") = "5_reinas_csharp", "5_reinas_csharp.csproj", "{76AF2178-CDB1-4A0D-BC39-1FD4E0A4DBC2}"
EndProject
Global
	GlobalSection(SolutionConfigurationPlatforms) = preSolution
		Debug|Any CPU = Debug|Any CPU
		Release|Any CPU = Release|Any CPU
	EndGlobalSection
	GlobalSection(ProjectConfigurationPlatforms) = postSolution
		{76AF2178-CDB1-4A0D-BC39-1FD4E0A4DBC2}.Debug|Any CPU.ActiveCfg = Debug|Any CPU
		{76AF2178-CDB1-4A0D-BC39-1FD4E0A4DBC2}.Debug|Any CPU.Build.0 = Debug|Any CPU
		{76AF2178-CDB1-4A0D-BC39-1FD4E0A4DBC2}.Release|Any CPU.ActiveCfg = Release|Any CPU
		{76AF2178-CDB1-4A0D-BC39-1FD4E0A4DBC2}.Release|Any CPU.Build.0 = Release|Any CPU
	EndGlobalSection
	GlobalSection(SolutionProperties) = preSolution
		HideSolutionNode = FALSE
	EndGlobalSection
	GlobalSection(ExtensibilityGlobals) = postSolution
		SolutionGuid = {9738A759-557D-4D2C-AD7B-EAD86679AD0E}
	EndGlobalSection
EndGlobal
